
Microsoft Visual Studio Solution File, Format Version 12.00
# Visual Studio 15
VisualStudioVersion = 15.0.27428.2005
MinimumVisualStudioVersion = 10.0.40219.1
Project("{FAE04EC0-301F-11D3-BF4B-00C04F79EFBC}") = "NiceOverlay", "NiceOverlay\NiceOverlay.csproj", "{96CD8656-D6D0-4542-8536-0FC7189D1ED5}"
EndProject
Project("{FAE04EC0-301F-11D3-BF4B-00C04F79EFBC}") = "NiceDarkWillow", "NiceDarkWillow\NiceDarkWillow.csproj", "{3717409C-5900-4D32-B29A-243ECE32E1CD}"
EndProject
Global
	GlobalSection(SolutionConfigurationPlatforms) = preSolution
		Debug|Any CPU = Debug|Any CPU
		Release|Any CPU = Release|Any CPU
	EndGlobalSection
	GlobalSection(ProjectConfigurationPlatforms) = postSolution
		{96CD8656-D6D0-4542-8536-0FC7189D1ED5}.Debug|Any CPU.ActiveCfg = Debug|Any CPU
		{96CD8656-D6D0-4542-8536-0FC7189D1ED5}.Debug|Any CPU.Build.0 = Debug|Any CPU
		{96CD8656-D6D0-4542-8536-0FC7189D1ED5}.Release|Any CPU.ActiveCfg = Release|Any CPU
		{96CD8656-D6D0-4542-8536-0FC7189D1ED5}.Release|Any CPU.Build.0 = Release|Any CPU
		{3717409C-5900-4D32-B29A-243ECE32E1CD}.Debug|Any CPU.ActiveCfg = Debug|Any CPU
		{3717409C-5900-4D32-B29A-243ECE32E1CD}.Debug|Any CPU.Build.0 = Debug|Any CPU
		{3717409C-5900-4D32-B29A-243ECE32E1CD}.Release|Any CPU.ActiveCfg = Release|Any CPU
		{3717409C-5900-4D32-B29A-243ECE32E1CD}.Release|Any CPU.Build.0 = Release|Any CPU
	EndGlobalSection
	GlobalSection(SolutionProperties) = preSolution
		HideSolutionNode = FALSE
	EndGlobalSection
	GlobalSection(ExtensibilityGlobals) = postSolution
		SolutionGuid = {FB59852E-0428-4028-BA5E-89A0A150BC03}
	EndGlobalSection
EndGlobal
